// !$*UTF8*$!
{
	archiveVersion = 1;
	classes = {
	};
	objectVersion = 50;
	objects = {

/* Begin PBXBuildFile section */
		5A230B9821B6506C00372653 /* README.md in Resources */ = {isa = PBXBuildFile; fileRef = 5A230B9721B6506C00372653 /* README.md */; };
		5A3069B021B64C9C00BE8E68 /* AppDelegate.swift in Sources */ = {isa = PBXBuildFile; fileRef = 5A3069AF21B64C9C00BE8E68 /* AppDelegate.swift */; };
		5A3069BA21B64C9D00BE8E68 /* LaunchScreen.storyboard in Resources */ = {isa = PBXBuildFile; fileRef = 5A3069B821B64C9D00BE8E68 /* LaunchScreen.storyboard */; };
		5A3069C221B64CCE00BE8E68 /* MemeViewController.swift in Sources */ = {isa = PBXBuildFile; fileRef = 5A3069C121B64CCE00BE8E68 /* MemeViewController.swift */; };
		5A3069C421B64CD300BE8E68 /* Meme.swift in Sources */ = {isa = PBXBuildFile; fileRef = 5A3069C321B64CD300BE8E68 /* Meme.swift */; };
		5A3069C621B64CE200BE8E68 /* Main.storyboard in Resources */ = {isa = PBXBuildFile; fileRef = 5A3069C521B64CE200BE8E68 /* Main.storyboard */; };
		5A3069CA21B64E1000BE8E68 /* .gitignore in Resources */ = {isa = PBXBuildFile; fileRef = 5A3069C921B64E1000BE8E68 /* .gitignore */; };
		5AB5B03821C8155300EDABA8 /* SentMemesCollectionViewController.swift in Sources */ = {isa = PBXBuildFile; fileRef = 5AB5B03721C8155300EDABA8 /* SentMemesCollectionViewController.swift */; };
		5AB5B03A21C8318700EDABA8 /* SentMemesTableViewController.swift in Sources */ = {isa = PBXBuildFile; fileRef = 5AB5B03921C8318700EDABA8 /* SentMemesTableViewController.swift */; };
		5ADD2F5521C9AA6900AA5D0C /* SentMemesCollectionViewCell.swift in Sources */ = {isa = PBXBuildFile; fileRef = 5ADD2F5421C9AA6900AA5D0C /* SentMemesCollectionViewCell.swift */; };
		5ADD2F5921CADE4D00AA5D0C /* MemeDetailViewController.swift in Sources */ = {isa = PBXBuildFile; fileRef = 5ADD2F5821CADE4D00AA5D0C /* MemeDetailViewController.swift */; };
		5ADD2F5E21CB2C1800AA5D0C /* Assets.xcassets2.xcassets in Resources */ = {isa = PBXBuildFile; fileRef = 5ADD2F5D21CB2C1800AA5D0C /* Assets.xcassets2.xcassets */; };
/* End PBXBuildFile section */

/* Begin PBXFileReference section */
		5A230B9721B6506C00372653 /* README.md */ = {isa = PBXFileReference; lastKnownFileType = net.daringfireball.markdown; path = README.md; sourceTree = "<group>"; };
		5A3069AC21B64C9C00BE8E68 /* MemeMe2.0.app */ = {isa = PBXFileReference; explicitFileType = wrapper.application; includeInIndex = 0; path = MemeMe2.0.app; sourceTree = BUILT_PRODUCTS_DIR; };
		5A3069AF21B64C9C00BE8E68 /* AppDelegate.swift */ = {isa = PBXFileReference; lastKnownFileType = sourcecode.swift; path = AppDelegate.swift; sourceTree = "<group>"; };
		5A3069B921B64C9D00BE8E68 /* Base */ = {isa = PBXFileReference; lastKnownFileType = file.storyboard; name = Base; path = Base.lproj/LaunchScreen.storyboard; sourceTree = "<group>"; };
		5A3069BB21B64C9D00BE8E68 /* Info.plist */ = {isa = PBXFileReference; lastKnownFileType = text.plist.xml; path = Info.plist; sourceTree = "<group>"; };
		5A3069C121B64CCE00BE8E68 /* MemeViewController.swift */ = {isa = PBXFileReference; fileEncoding = 4; lastKnownFileType = sourcecode.swift; path = MemeViewController.swift; sourceTree = "<group>"; };
		5A3069C321B64CD300BE8E68 /* Meme.swift */ = {isa = PBXFileReference; fileEncoding = 4; lastKnownFileType = sourcecode.swift; path = Meme.swift; sourceTree = "<group>"; };
		5A3069C521B64CE200BE8E68 /* Main.storyboard */ = {isa = PBXFileReference; fileEncoding = 4; lastKnownFileType = file.storyboard; path = Main.storyboard; sourceTree = "<group>"; };
		5A3069C921B64E1000BE8E68 /* .gitignore */ = {isa = PBXFileReference; lastKnownFileType = text; path = .gitignore; sourceTree = "<group>"; };
		5AB5B03721C8155300EDABA8 /* SentMemesCollectionViewController.swift */ = {isa = PBXFileReference; lastKnownFileType = sourcecode.swift; path = SentMemesCollectionViewController.swift; sourceTree = "<group>"; };
		5AB5B03921C8318700EDABA8 /* SentMemesTableViewController.swift */ = {isa = PBXFileReference; lastKnownFileType = sourcecode.swift; path = SentMemesTableViewController.swift; sourceTree = "<group>"; };
		5ADD2F5421C9AA6900AA5D0C /* SentMemesCollectionViewCell.swift */ = {isa = PBXFileReference; lastKnownFileType = sourcecode.swift; name = SentMemesCollectionViewCell.swift; path = MemeMe2.0/SentMemesCollectionViewCell.swift; sourceTree = SOURCE_ROOT; };
		5ADD2F5821CADE4D00AA5D0C /* MemeDetailViewController.swift */ = {isa = PBXFileReference; lastKnownFileType = sourcecode.swift; path = MemeDetailViewController.swift; sourceTree = "<group>"; };
		5ADD2F5D21CB2C1800AA5D0C /* Assets.xcassets2.xcassets */ = {isa = PBXFileReference; lastKnownFileType = folder.assetcatalog; path = Assets.xcassets2.xcassets; sourceTree = "<group>"; };
/* End PBXFileReference section */

/* Begin PBXFrameworksBuildPhase section */
		5A3069A921B64C9C00BE8E68 /* Frameworks */ = {
			isa = PBXFrameworksBuildPhase;
			buildActionMask = 2147483647;
			files = (
			);
			runOnlyForDeploymentPostprocessing = 0;
		};
/* End PBXFrameworksBuildPhase section */

/* Begin PBXGroup section */
		5A3069A321B64C9C00BE8E68 = {
			isa = PBXGroup;
			children = (
				5A230B9721B6506C00372653 /* README.md */,
				5A3069C921B64E1000BE8E68 /* .gitignore */,
				5A3069AE21B64C9C00BE8E68 /* MemeMe2.0 */,
				5A3069AD21B64C9C00BE8E68 /* Products */,
			);
			sourceTree = "<group>";
		};
		5A3069AD21B64C9C00BE8E68 /* Products */ = {
			isa = PBXGroup;
			children = (
				5A3069AC21B64C9C00BE8E68 /* MemeMe2.0.app */,
			);
			name = Products;
			sourceTree = "<group>";
		};
		5A3069AE21B64C9C00BE8E68 /* MemeMe2.0 */ = {
			isa = PBXGroup;
			children = (
				5ADD2F5321C96AF100AA5D0C /* Controller */,
				5A3069AF21B64C9C00BE8E68 /* AppDelegate.swift */,
				5ADD2F5421C9AA6900AA5D0C /* SentMemesCollectionViewCell.swift */,
				5A3069C321B64CD300BE8E68 /* Meme.swift */,
				5A3069C521B64CE200BE8E68 /* Main.storyboard */,
				5ADD2F5D21CB2C1800AA5D0C /* Assets.xcassets2.xcassets */,
				5A3069B821B64C9D00BE8E68 /* LaunchScreen.storyboard */,
				5A3069BB21B64C9D00BE8E68 /* Info.plist */,
			);
			path = MemeMe2.0;
			sourceTree = "<group>";
		};
		5ADD2F5321C96AF100AA5D0C /* Controller */ = {
			isa = PBXGroup;
			children = (
				5A3069C121B64CCE00BE8E68 /* MemeViewController.swift */,
				5AB5B03921C8318700EDABA8 /* SentMemesTableViewController.swift */,
				5AB5B03721C8155300EDABA8 /* SentMemesCollectionViewController.swift */,
				5ADD2F5821CADE4D00AA5D0C /* MemeDetailViewController.swift */,
			);
			path = Controller;
			sourceTree = "<group>";
		};
/* End PBXGroup section */

/* Begin PBXNativeTarget section */
		5A3069AB21B64C9C00BE8E68 /* MemeMe2.0 */ = {
			isa = PBXNativeTarget;
			buildConfigurationList = 5A3069BE21B64C9D00BE8E68 /* Build configuration list for PBXNativeTarget "MemeMe2.0" */;
			buildPhases = (
				5A3069A821B64C9C00BE8E68 /* Sources */,
				5A3069A921B64C9C00BE8E68 /* Frameworks */,
				5A3069AA21B64C9C00BE8E68 /* Resources */,
			);
			buildRules = (
			);
			dependencies = (
			);
			name = MemeMe2.0;
			productName = MemeMe2.0;
			productReference = 5A3069AC21B64C9C00BE8E68 /* MemeMe2.0.app */;
			productType = "com.apple.product-type.application";
		};
/* End PBXNativeTarget section */

/* Begin PBXProject section */
		5A3069A421B64C9C00BE8E68 /* Project object */ = {
			isa = PBXProject;
			attributes = {
				LastSwiftUpdateCheck = 1010;
				LastUpgradeCheck = 1010;
				ORGANIZATIONNAME = SDK;
				TargetAttributes = {
					5A3069AB21B64C9C00BE8E68 = {
						CreatedOnToolsVersion = 10.1;
					};
				};
			};
			buildConfigurationList = 5A3069A721B64C9C00BE8E68 /* Build configuration list for PBXProject "MemeMe2.0" */;
			compatibilityVersion = "Xcode 9.3";
			developmentRegion = en;
			hasScannedForEncodings = 0;
			knownRegions = (
				en,
				Base,
			);
			mainGroup = 5A3069A321B64C9C00BE8E68;
			productRefGroup = 5A3069AD21B64C9C00BE8E68 /* Products */;
			projectDirPath = "";
			projectRoot = "";
			targets = (
				5A3069AB21B64C9C00BE8E68 /* MemeMe2.0 */,
			);
		};
/* End PBXProject section */

/* Begin PBXResourcesBuildPhase section */
		5A3069AA21B64C9C00BE8E68 /* Resources */ = {
			isa = PBXResourcesBuildPhase;
			buildActionMask = 2147483647;
			files = (
				5A3069CA21B64E1000BE8E68 /* .gitignore in Resources */,
				5A3069C621B64CE200BE8E68 /* Main.storyboard in Resources */,
				5ADD2F5E21CB2C1800AA5D0C /* Assets.xcassets2.xcassets in Resources */,
				5A230B9821B6506C00372653 /* README.md in Resources */,
				5A3069BA21B64C9D00BE8E68 /* LaunchScreen.storyboard in Resources */,
			);
			runOnlyForDeploymentPostprocessing = 0;
		};
/* End PBXResourcesBuildPhase section */

/* Begin PBXSourcesBuildPhase section */
		5A3069A821B64C9C00BE8E68 /* Sources */ = {
			isa = PBXSourcesBuildPhase;
			buildActionMask = 2147483647;
			files = (
				5ADD2F5521C9AA6900AA5D0C /* SentMemesCollectionViewCell.swift in Sources */,
				5A3069C421B64CD300BE8E68 /* Meme.swift in Sources */,
				5A3069C221B64CCE00BE8E68 /* MemeViewController.swift in Sources */,
				5AB5B03821C8155300EDABA8 /* SentMemesCollectionViewController.swift in Sources */,
				5ADD2F5921CADE4D00AA5D0C /* MemeDetailViewController.swift in Sources */,
				5AB5B03A21C8318700EDABA8 /* SentMemesTableViewController.swift in Sources */,
				5A3069B021B64C9C00BE8E68 /* AppDelegate.swift in Sources */,
			);
			runOnlyForDeploymentPostprocessing = 0;
		};
/* End PBXSourcesBuildPhase section */

/* Begin PBXVariantGroup section */
		5A3069B821B64C9D00BE8E68 /* LaunchScreen.storyboard */ = {
			isa = PBXVariantGroup;
			children = (
				5A3069B921B64C9D00BE8E68 /* Base */,
			);
			name = LaunchScreen.storyboard;
			sourceTree = "<group>";
		};
/* End PBXVariantGroup section */

/* Begin XCBuildConfiguration section */
		5A3069BC21B64C9D00BE8E68 /* Debug */ = {
			isa = XCBuildConfiguration;
			buildSettings = {
				ALWAYS_SEARCH_USER_PATHS = NO;
				CLANG_ANALYZER_NONNULL = YES;
				CLANG_ANALYZER_NUMBER_OBJECT_CONVERSION = YES_AGGRESSIVE;
				CLANG_CXX_LANGUAGE_STANDARD = "gnu++14";
				CLANG_CXX_LIBRARY = "libc++";
				CLANG_ENABLE_MODULES = YES;
				CLANG_ENABLE_OBJC_ARC = YES;
				CLANG_ENABLE_OBJC_WEAK = YES;
				CLANG_WARN_BLOCK_CAPTURE_AUTORELEASING = YES;
				CLANG_WARN_BOOL_CONVERSION = YES;
				CLANG_WARN_COMMA = YES;
				CLANG_WARN_CONSTANT_CONVERSION = YES;
				CLANG_WARN_DEPRECATED_OBJC_IMPLEMENTATIONS = YES;
				CLANG_WARN_DIRECT_OBJC_ISA_USAGE = YES_ERROR;
				CLANG_WARN_DOCUMENTATION_COMMENTS = YES;
				CLANG_WARN_EMPTY_BODY = YES;
				CLANG_WARN_ENUM_CONVERSION = YES;
				CLANG_WARN_INFINITE_RECURSION = YES;
				CLANG_WARN_INT_CONVERSION = YES;
				CLANG_WARN_NON_LITERAL_NULL_CONVERSION = YES;
				CLANG_WARN_OBJC_IMPLICIT_RETAIN_SELF = YES;
				CLANG_WARN_OBJC_LITERAL_CONVERSION = YES;
				CLANG_WARN_OBJC_ROOT_CLASS = YES_ERROR;
				CLANG_WARN_RANGE_LOOP_ANALYSIS = YES;
				CLANG_WARN_STRICT_PROTOTYPES = YES;
				CLANG_WARN_SUSPICIOUS_MOVE = YES;
				CLANG_WARN_UNGUARDED_AVAILABILITY = YES_AGGRESSIVE;
				CLANG_WARN_UNREACHABLE_CODE = YES;
				CLANG_WARN__DUPLICATE_METHOD_MATCH = YES;
				CODE_SIGN_IDENTITY = "iPhone Developer";
				COPY_PHASE_STRIP = NO;
				DEBUG_INFORMATION_FORMAT = dwarf;
				ENABLE_STRICT_OBJC_MSGSEND = YES;
				ENABLE_TESTABILITY = YES;
				GCC_C_LANGUAGE_STANDARD = gnu11;
				GCC_DYNAMIC_NO_PIC = NO;
				GCC_NO_COMMON_BLOCKS = YES;
				GCC_OPTIMIZATION_LEVEL = 0;
				GCC_PREPROCESSOR_DEFINITIONS = (
					"DEBUG=1",
					"$(inherited)",
				);
				GCC_WARN_64_TO_32_BIT_CONVERSION = YES;
				GCC_WARN_ABOUT_RETURN_TYPE = YES_ERROR;
				GCC_WARN_UNDECLARED_SELECTOR = YES;
				GCC_WARN_UNINITIALIZED_AUTOS = YES_AGGRESSIVE;
				GCC_WARN_UNUSED_FUNCTION = YES;
				GCC_WARN_UNUSED_VARIABLE = YES;
				IPHONEOS_DEPLOYMENT_TARGET = 12.1;
				MTL_ENABLE_DEBUG_INFO = INCLUDE_SOURCE;
				MTL_FAST_MATH = YES;
				ONLY_ACTIVE_ARCH = YES;
				SDKROOT = iphoneos;
				SWIFT_ACTIVE_COMPILATION_CONDITIONS = DEBUG;
				SWIFT_OPTIMIZATION_LEVEL = "-Onone";
			};
			name = Debug;
		};
		5A3069BD21B64C9D00BE8E68 /* Release */ = {
			isa = XCBuildConfiguration;
			buildSettings = {
				ALWAYS_SEARCH_USER_PATHS = NO;
				CLANG_ANALYZER_NONNULL = YES;
				CLANG_ANALYZER_NUMBER_OBJECT_CONVERSION = YES_AGGRESSIVE;
				CLANG_CXX_LANGUAGE_STANDARD = "gnu++14";
				CLANG_CXX_LIBRARY = "libc++";
				CLANG_ENABLE_MODULES = YES;
				CLANG_ENABLE_OBJC_ARC = YES;
				CLANG_ENABLE_OBJC_WEAK = YES;
				CLANG_WARN_BLOCK_CAPTURE_AUTORELEASING = YES;
				CLANG_WARN_BOOL_CONVERSION = YES;
				CLANG_WARN_COMMA = YES;
				CLANG_WARN_CONSTANT_CONVERSION = YES;
				CLANG_WARN_DEPRECATED_OBJC_IMPLEMENTATIONS = YES;
				CLANG_WARN_DIRECT_OBJC_ISA_USAGE = YES_ERROR;
				CLANG_WARN_DOCUMENTATION_COMMENTS = YES;
				CLANG_WARN_EMPTY_BODY = YES;
				CLANG_WARN_ENUM_CONVERSION = YES;
				CLANG_WARN_INFINITE_RECURSION = YES;
				CLANG_WARN_INT_CONVERSION = YES;
				CLANG_WARN_NON_LITERAL_NULL_CONVERSION = YES;
				CLANG_WARN_OBJC_IMPLICIT_RETAIN_SELF = YES;
				CLANG_WARN_OBJC_LITERAL_CONVERSION = YES;
				CLANG_WARN_OBJC_ROOT_CLASS = YES_ERROR;
				CLANG_WARN_RANGE_LOOP_ANALYSIS = YES;
				CLANG_WARN_STRICT_PROTOTYPES = YES;
				CLANG_WARN_SUSPICIOUS_MOVE = YES;
				CLANG_WARN_UNGUARDED_AVAILABILITY = YES_AGGRESSIVE;
				CLANG_WARN_UNREACHABLE_CODE = YES;
				CLANG_WARN__DUPLICATE_METHOD_MATCH = YES;
				CODE_SIGN_IDENTITY = "iPhone Developer";
				COPY_PHASE_STRIP = NO;
				DEBUG_INFORMATION_FORMAT = "dwarf-with-dsym";
				ENABLE_NS_ASSERTIONS = NO;
				ENABLE_STRICT_OBJC_MSGSEND = YES;
				GCC_C_LANGUAGE_STANDARD = gnu11;
				GCC_NO_COMMON_BLOCKS = YES;
				GCC_WARN_64_TO_32_BIT_CONVERSION = YES;
				GCC_WARN_ABOUT_RETURN_TYPE = YES_ERROR;
				GCC_WARN_UNDECLARED_SELECTOR = YES;
				GCC_WARN_UNINITIALIZED_AUTOS = YES_AGGRESSIVE;
				GCC_WARN_UNUSED_FUNCTION = YES;
				GCC_WARN_UNUSED_VARIABLE = YES;
				IPHONEOS_DEPLOYMENT_TARGET = 12.1;
				MTL_ENABLE_DEBUG_INFO = NO;
				MTL_FAST_MATH = YES;
				SDKROOT = iphoneos;
				SWIFT_COMPILATION_MODE = wholemodule;
				SWIFT_OPTIMIZATION_LEVEL = "-O";
				VALIDATE_PRODUCT = YES;
			};
			name = Release;
		};
		5A3069BF21B64C9D00BE8E68 /* Debug */ = {
			isa = XCBuildConfiguration;
			buildSettings = {
				ASSETCATALOG_COMPILER_APPICON_NAME = AppIcon;
				CODE_SIGN_STYLE = Automatic;
				DEVELOPMENT_TEAM = M9LYK856G3;
				INFOPLIST_FILE = MemeMe2.0/Info.plist;
				LD_RUNPATH_SEARCH_PATHS = (
					"$(inherited)",
					"@executable_path/Frameworks",
				);
				PRODUCT_BUNDLE_IDENTIFIER = "com.sdk.MemeMe2-0";
				PRODUCT_NAME = "$(TARGET_NAME)";
				SWIFT_VERSION = 4.2;
				TARGETED_DEVICE_FAMILY = "1,2";
			};
			name = Debug;
		};
		5A3069C021B64C9D00BE8E68 /* Release */ = {
			isa = XCBuildConfiguration;
			buildSettings = {
				ASSETCATALOG_COMPILER_APPICON_NAME = AppIcon;
				CODE_SIGN_STYLE = Automatic;
				DEVELOPMENT_TEAM = M9LYK856G3;
				INFOPLIST_FILE = MemeMe2.0/Info.plist;
				LD_RUNPATH_SEARCH_PATHS = (
					"$(inherited)",
					"@executable_path/Frameworks",
				);
				PRODUCT_BUNDLE_IDENTIFIER = "com.sdk.MemeMe2-0";
				PRODUCT_NAME = "$(TARGET_NAME)";
				SWIFT_VERSION = 4.2;
				TARGETED_DEVICE_FAMILY = "1,2";
			};
			name = Release;
		};
/* End XCBuildConfiguration section */

/* Begin XCConfigurationList section */
		5A3069A721B64C9C00BE8E68 /* Build configuration list for PBXProject "MemeMe2.0" */ = {
			isa = XCConfigurationList;
			buildConfigurations = (
				5A3069BC21B64C9D00BE8E68 /* Debug */,
				5A3069BD21B64C9D00BE8E68 /* Release */,
			);
			defaultConfigurationIsVisible = 0;
			defaultConfigurationName = Release;
		};
		5A3069BE21B64C9D00BE8E68 /* Build configuration list for PBXNativeTarget "MemeMe2.0" */ = {
			isa = XCConfigurationList;
			buildConfigurations = (
				5A3069BF21B64C9D00BE8E68 /* Debug */,
				5A3069C021B64C9D00BE8E68 /* Release */,
			);
			defaultConfigurationIsVisible = 0;
			defaultConfigurationName = Release;
		};
/* End XCConfigurationList section */
	};
	rootObject = 5A3069A421B64C9C00BE8E68 /* Project object */;
}
